// !$*UTF8*$!
{
	archiveVersion = 1;
	classes = {
	};
	objectVersion = 56;
	objects = {

/* Begin PBXBuildFile section */
		422849B82ACDB06500CB07D3 /* AimantsAnimauxApp.swift in Sources */ = {isa = PBXBuildFile; fileRef = 422849B72ACDB06500CB07D3 /* AimantsAnimauxApp.swift */; };
		422849BC2ACDB06800CB07D3 /* Assets.xcassets in Resources */ = {isa = PBXBuildFile; fileRef = 422849BB2ACDB06800CB07D3 /* Assets.xcassets */; };
		422849BF2ACDB06800CB07D3 /* Preview Assets.xcassets in Resources */ = {isa = PBXBuildFile; fileRef = 422849BE2ACDB06800CB07D3 /* Preview Assets.xcassets */; };
		422849C62ACDB3E700CB07D3 /* Images.xcassets in Resources */ = {isa = PBXBuildFile; fileRef = 422849C52ACDB3E600CB07D3 /* Images.xcassets */; };
		422849C82ACDB5ED00CB07D3 /* AnimalsListView.swift in Sources */ = {isa = PBXBuildFile; fileRef = 422849C72ACDB5ED00CB07D3 /* AnimalsListView.swift */; };
		423C749C2AE823FB00B5CC29 /* Model.swift in Sources */ = {isa = PBXBuildFile; fileRef = 423C749B2AE823FB00B5CC29 /* Model.swift */; };
		42A1C2032AD82FB500370826 /* AnimalDetailView.swift in Sources */ = {isa = PBXBuildFile; fileRef = 42A1C2012AD82FB500370826 /* AnimalDetailView.swift */; };
		42A1C2042AD82FB500370826 /* AddNewAnimalView.swift in Sources */ = {isa = PBXBuildFile; fileRef = 42A1C2022AD82FB500370826 /* AddNewAnimalView.swift */; };
/* End PBXBuildFile section */

/* Begin PBXFileReference section */
		422849B42ACDB06500CB07D3 /* AimantsAnimaux.app */ = {isa = PBXFileReference; explicitFileType = wrapper.application; includeInIndex = 0; path = AimantsAnimaux.app; sourceTree = BUILT_PRODUCTS_DIR; };
		422849B72ACDB06500CB07D3 /* AimantsAnimauxApp.swift */ = {isa = PBXFileReference; lastKnownFileType = sourcecode.swift; path = AimantsAnimauxApp.swift; sourceTree = "<group>"; };
		422849BB2ACDB06800CB07D3 /* Assets.xcassets */ = {isa = PBXFileReference; lastKnownFileType = folder.assetcatalog; path = Assets.xcassets; sourceTree = "<group>"; };
		422849BE2ACDB06800CB07D3 /* Preview Assets.xcassets */ = {isa = PBXFileReference; lastKnownFileType = folder.assetcatalog; path = "Preview Assets.xcassets"; sourceTree = "<group>"; };
		422849C52ACDB3E600CB07D3 /* Images.xcassets */ = {isa = PBXFileReference; lastKnownFileType = folder.assetcatalog; path = Images.xcassets; sourceTree = "<group>"; };
		422849C72ACDB5ED00CB07D3 /* AnimalsListView.swift */ = {isa = PBXFileReference; lastKnownFileType = sourcecode.swift; path = AnimalsListView.swift; sourceTree = "<group>"; };
		423C749B2AE823FB00B5CC29 /* Model.swift */ = {isa = PBXFileReference; lastKnownFileType = sourcecode.swift; path = Model.swift; sourceTree = "<group>"; };
		42A1C2012AD82FB500370826 /* AnimalDetailView.swift */ = {isa = PBXFileReference; fileEncoding = 4; lastKnownFileType = sourcecode.swift; path = AnimalDetailView.swift; sourceTree = "<group>"; };
		42A1C2022AD82FB500370826 /* AddNewAnimalView.swift */ = {isa = PBXFileReference; fileEncoding = 4; lastKnownFileType = sourcecode.swift; path = AddNewAnimalView.swift; sourceTree = "<group>"; };
/* End PBXFileReference section */

/* Begin PBXFrameworksBuildPhase section */
		422849B12ACDB06500CB07D3 /* Frameworks */ = {
			isa = PBXFrameworksBuildPhase;
			buildActionMask = 2147483647;
			files = (
			);
			runOnlyForDeploymentPostprocessing = 0;
		};
/* End PBXFrameworksBuildPhase section */

/* Begin PBXGroup section */
		422849AB2ACDB06500CB07D3 = {
			isa = PBXGroup;
			children = (
				422849B62ACDB06500CB07D3 /* AimantsAnimaux */,
				422849B52ACDB06500CB07D3 /* Products */,
			);
			sourceTree = "<group>";
		};
		422849B52ACDB06500CB07D3 /* Products */ = {
			isa = PBXGroup;
			children = (
				422849B42ACDB06500CB07D3 /* AimantsAnimaux.app */,
			);
			name = Products;
			sourceTree = "<group>";
		};
		422849B62ACDB06500CB07D3 /* AimantsAnimaux */ = {
			isa = PBXGroup;
			children = (
				423C749B2AE823FB00B5CC29 /* Model.swift */,
				423C749A2AE823D100B5CC29 /* Views */,
				422849B72ACDB06500CB07D3 /* AimantsAnimauxApp.swift */,
				422849C52ACDB3E600CB07D3 /* Images.xcassets */,
				422849BB2ACDB06800CB07D3 /* Assets.xcassets */,
				422849BD2ACDB06800CB07D3 /* Preview Content */,
			);
			path = AimantsAnimaux;
			sourceTree = "<group>";
		};
		422849BD2ACDB06800CB07D3 /* Preview Content */ = {
			isa = PBXGroup;
			children = (
				422849BE2ACDB06800CB07D3 /* Preview Assets.xcassets */,
			);
			path = "Preview Content";
			sourceTree = "<group>";
		};
		423C749A2AE823D100B5CC29 /* Views */ = {
			isa = PBXGroup;
			children = (
				422849C72ACDB5ED00CB07D3 /* AnimalsListView.swift */,
				42A1C2012AD82FB500370826 /* AnimalDetailView.swift */,
				42A1C2022AD82FB500370826 /* AddNewAnimalView.swift */,
			);
			path = Views;
			sourceTree = "<group>";
		};
/* End PBXGroup section */

/* Begin PBXNativeTarget section */
		422849B32ACDB06500CB07D3 /* AimantsAnimaux */ = {
			isa = PBXNativeTarget;
			buildConfigurationList = 422849C22ACDB06800CB07D3 /* Build configuration list for PBXNativeTarget "AimantsAnimaux" */;
			buildPhases = (
				422849B02ACDB06500CB07D3 /* Sources */,
				422849B12ACDB06500CB07D3 /* Frameworks */,
				422849B22ACDB06500CB07D3 /* Resources */,
			);
			buildRules = (
			);
			dependencies = (
			);
			name = AimantsAnimaux;
			productName = AimantsAnimaux;
			productReference = 422849B42ACDB06500CB07D3 /* AimantsAnimaux.app */;
			productType = "com.apple.product-type.application";
		};
/* End PBXNativeTarget section */

/* Begin PBXProject section */
		422849AC2ACDB06500CB07D3 /* Project object */ = {
			isa = PBXProject;
			attributes = {
				BuildIndependentTargetsInParallel = 1;
				LastSwiftUpdateCheck = 1500;
				LastUpgradeCheck = 1500;
				TargetAttributes = {
					422849B32ACDB06500CB07D3 = {
						CreatedOnToolsVersion = 15.0;
					};
				};
			};
			buildConfigurationList = 422849AF2ACDB06500CB07D3 /* Build configuration list for PBXProject "AimantsAnimaux" */;
			compatibilityVersion = "Xcode 14.0";
			developmentRegion = en;
			hasScannedForEncodings = 0;
			knownRegions = (
				en,
				Base,
			);
			mainGroup = 422849AB2ACDB06500CB07D3;
			productRefGroup = 422849B52ACDB06500CB07D3 /* Products */;
			projectDirPath = "";
			projectRoot = "";
			targets = (
				422849B32ACDB06500CB07D3 /* AimantsAnimaux */,
			);
		};
/* End PBXProject section */

/* Begin PBXResourcesBuildPhase section */
		422849B22ACDB06500CB07D3 /* Resources */ = {
			isa = PBXResourcesBuildPhase;
			buildActionMask = 2147483647;
			files = (
				422849C62ACDB3E700CB07D3 /* Images.xcassets in Resources */,
				422849BF2ACDB06800CB07D3 /* Preview Assets.xcassets in Resources */,
				422849BC2ACDB06800CB07D3 /* Assets.xcassets in Resources */,
			);
			runOnlyForDeploymentPostprocessing = 0;
		};
/* End PBXResourcesBuildPhase section */

/* Begin PBXSourcesBuildPhase section */
		422849B02ACDB06500CB07D3 /* Sources */ = {
			isa = PBXSourcesBuildPhase;
			buildActionMask = 2147483647;
			files = (
				42A1C2042AD82FB500370826 /* AddNewAnimalView.swift in Sources */,
				422849B82ACDB06500CB07D3 /* AimantsAnimauxApp.swift in Sources */,
				423C749C2AE823FB00B5CC29 /* Model.swift in Sources */,
				422849C82ACDB5ED00CB07D3 /* AnimalsListView.swift in Sources */,
				42A1C2032AD82FB500370826 /* AnimalDetailView.swift in Sources */,
			);
			runOnlyForDeploymentPostprocessing = 0;
		};
/* End PBXSourcesBuildPhase section */

/* Begin XCBuildConfiguration section */
		422849C02ACDB06800CB07D3 /* Debug */ = {
			isa = XCBuildConfiguration;
			buildSettings = {
				ALWAYS_SEARCH_USER_PATHS = NO;
				ASSETCATALOG_COMPILER_GENERATE_SWIFT_ASSET_SYMBOL_EXTENSIONS = YES;
				CLANG_ANALYZER_NONNULL = YES;
				CLANG_ANALYZER_NUMBER_OBJECT_CONVERSION = YES_AGGRESSIVE;
				CLANG_CXX_LANGUAGE_STANDARD = "gnu++20";
				CLANG_ENABLE_MODULES = YES;
				CLANG_ENABLE_OBJC_ARC = YES;
				CLANG_ENABLE_OBJC_WEAK = YES;
				CLANG_WARN_BLOCK_CAPTURE_AUTORELEASING = YES;
				CLANG_WARN_BOOL_CONVERSION = YES;
				CLANG_WARN_COMMA = YES;
				CLANG_WARN_CONSTANT_CONVERSION = YES;
				CLANG_WARN_DEPRECATED_OBJC_IMPLEMENTATIONS = YES;
				CLANG_WARN_DIRECT_OBJC_ISA_USAGE = YES_ERROR;
				CLANG_WARN_DOCUMENTATION_COMMENTS = YES;
				CLANG_WARN_EMPTY_BODY = YES;
				CLANG_WARN_ENUM_CONVERSION = YES;
				CLANG_WARN_INFINITE_RECURSION = YES;
				CLANG_WARN_INT_CONVERSION = YES;
				CLANG_WARN_NON_LITERAL_NULL_CONVERSION = YES;
				CLANG_WARN_OBJC_IMPLICIT_RETAIN_SELF = YES;
				CLANG_WARN_OBJC_LITERAL_CONVERSION = YES;
				CLANG_WARN_OBJC_ROOT_CLASS = YES_ERROR;
				CLANG_WARN_QUOTED_INCLUDE_IN_FRAMEWORK_HEADER = YES;
				CLANG_WARN_RANGE_LOOP_ANALYSIS = YES;
				CLANG_WARN_STRICT_PROTOTYPES = YES;
				CLANG_WARN_SUSPICIOUS_MOVE = YES;
				CLANG_WARN_UNGUARDED_AVAILABILITY = YES_AGGRESSIVE;
				CLANG_WARN_UNREACHABLE_CODE = YES;
				CLANG_WARN__DUPLICATE_METHOD_MATCH = YES;
				COPY_PHASE_STRIP = NO;
				DEBUG_INFORMATION_FORMAT = dwarf;
				ENABLE_STRICT_OBJC_MSGSEND = YES;
				ENABLE_TESTABILITY = YES;
				ENABLE_USER_SCRIPT_SANDBOXING = YES;
				GCC_C_LANGUAGE_STANDARD = gnu17;
				GCC_DYNAMIC_NO_PIC = NO;
				GCC_NO_COMMON_BLOCKS = YES;
				GCC_OPTIMIZATION_LEVEL = 0;
				GCC_PREPROCESSOR_DEFINITIONS = (
					"DEBUG=1",
					"$(inherited)",
				);
				GCC_WARN_64_TO_32_BIT_CONVERSION = YES;
				GCC_WARN_ABOUT_RETURN_TYPE = YES_ERROR;
				GCC_WARN_UNDECLARED_SELECTOR = YES;
				GCC_WARN_UNINITIALIZED_AUTOS = YES_AGGRESSIVE;
				GCC_WARN_UNUSED_FUNCTION = YES;
				GCC_WARN_UNUSED_VARIABLE = YES;
				IPHONEOS_DEPLOYMENT_TARGET = 16.0;
				LOCALIZATION_PREFERS_STRING_CATALOGS = YES;
				MTL_ENABLE_DEBUG_INFO = INCLUDE_SOURCE;
				MTL_FAST_MATH = YES;
				ONLY_ACTIVE_ARCH = YES;
				SDKROOT = iphoneos;
				SWIFT_ACTIVE_COMPILATION_CONDITIONS = "DEBUG $(inherited)";
				SWIFT_OPTIMIZATION_LEVEL = "-Onone";
			};
			name = Debug;
		};
		422849C12ACDB06800CB07D3 /* Release */ = {
			isa = XCBuildConfiguration;
			buildSettings = {
				ALWAYS_SEARCH_USER_PATHS = NO;
				ASSETCATALOG_COMPILER_GENERATE_SWIFT_ASSET_SYMBOL_EXTENSIONS = YES;
				CLANG_ANALYZER_NONNULL = YES;
				CLANG_ANALYZER_NUMBER_OBJECT_CONVERSION = YES_AGGRESSIVE;
				CLANG_CXX_LANGUAGE_STANDARD = "gnu++20";
				CLANG_ENABLE_MODULES = YES;
				CLANG_ENABLE_OBJC_ARC = YES;
				CLANG_ENABLE_OBJC_WEAK = YES;
				CLANG_WARN_BLOCK_CAPTURE_AUTORELEASING = YES;
				CLANG_WARN_BOOL_CONVERSION = YES;
				CLANG_WARN_COMMA = YES;
				CLANG_WARN_CONSTANT_CONVERSION = YES;
				CLANG_WARN_DEPRECATED_OBJC_IMPLEMENTATIONS = YES;
				CLANG_WARN_DIRECT_OBJC_ISA_USAGE = YES_ERROR;
				CLANG_WARN_DOCUMENTATION_COMMENTS = YES;
				CLANG_WARN_EMPTY_BODY = YES;
				CLANG_WARN_ENUM_CONVERSION = YES;
				CLANG_WARN_INFINITE_RECURSION = YES;
				CLANG_WARN_INT_CONVERSION = YES;
				CLANG_WARN_NON_LITERAL_NULL_CONVERSION = YES;
				CLANG_WARN_OBJC_IMPLICIT_RETAIN_SELF = YES;
				CLANG_WARN_OBJC_LITERAL_CONVERSION = YES;
				CLANG_WARN_OBJC_ROOT_CLASS = YES_ERROR;
				CLANG_WARN_QUOTED_INCLUDE_IN_FRAMEWORK_HEADER = YES;
				CLANG_WARN_RANGE_LOOP_ANALYSIS = YES;
				CLANG_WARN_STRICT_PROTOTYPES = YES;
				CLANG_WARN_SUSPICIOUS_MOVE = YES;
				CLANG_WARN_UNGUARDED_AVAILABILITY = YES_AGGRESSIVE;
				CLANG_WARN_UNREACHABLE_CODE = YES;
				CLANG_WARN__DUPLICATE_METHOD_MATCH = YES;
				COPY_PHASE_STRIP = NO;
				DEBUG_INFORMATION_FORMAT = "dwarf-with-dsym";
				ENABLE_NS_ASSERTIONS = NO;
				ENABLE_STRICT_OBJC_MSGSEND = YES;
				ENABLE_USER_SCRIPT_SANDBOXING = YES;
				GCC_C_LANGUAGE_STANDARD = gnu17;
				GCC_NO_COMMON_BLOCKS = YES;
				GCC_WARN_64_TO_32_BIT_CONVERSION = YES;
				GCC_WARN_ABOUT_RETURN_TYPE = YES_ERROR;
				GCC_WARN_UNDECLARED_SELECTOR = YES;
				GCC_WARN_UNINITIALIZED_AUTOS = YES_AGGRESSIVE;
				GCC_WARN_UNUSED_FUNCTION = YES;
				GCC_WARN_UNUSED_VARIABLE = YES;
				IPHONEOS_DEPLOYMENT_TARGET = 16.0;
				LOCALIZATION_PREFERS_STRING_CATALOGS = YES;
				MTL_ENABLE_DEBUG_INFO = NO;
				MTL_FAST_MATH = YES;
				SDKROOT = iphoneos;
				SWIFT_COMPILATION_MODE = wholemodule;
				VALIDATE_PRODUCT = YES;
			};
			name = Release;
		};
		422849C32ACDB06800CB07D3 /* Debug */ = {
			isa = XCBuildConfiguration;
			buildSettings = {
				ASSETCATALOG_COMPILER_APPICON_NAME = AppIcon;
				ASSETCATALOG_COMPILER_GLOBAL_ACCENT_COLOR_NAME = AccentColor;
				CODE_SIGN_STYLE = Automatic;
				CURRENT_PROJECT_VERSION = 1;
				DEVELOPMENT_ASSET_PATHS = "\"AimantsAnimaux/Preview Content\"";
				DEVELOPMENT_TEAM = 6FH7WNJPHQ;
				ENABLE_PREVIEWS = YES;
				GENERATE_INFOPLIST_FILE = YES;
				INFOPLIST_KEY_UIApplicationSceneManifest_Generation = YES;
				INFOPLIST_KEY_UIApplicationSupportsIndirectInputEvents = YES;
				INFOPLIST_KEY_UILaunchScreen_Generation = YES;
				INFOPLIST_KEY_UISupportedInterfaceOrientations_iPad = "UIInterfaceOrientationPortrait UIInterfaceOrientationPortraitUpsideDown UIInterfaceOrientationLandscapeLeft UIInterfaceOrientationLandscapeRight";
				INFOPLIST_KEY_UISupportedInterfaceOrientations_iPhone = "UIInterfaceOrientationPortrait UIInterfaceOrientationLandscapeLeft UIInterfaceOrientationLandscapeRight";
				IPHONEOS_DEPLOYMENT_TARGET = 16.0;
				LD_RUNPATH_SEARCH_PATHS = (
					"$(inherited)",
					"@executable_path/Frameworks",
				);
				MARKETING_VERSION = 1.0;
				PRODUCT_BUNDLE_IDENTIFIER = com.amandinecousin.AimantsAnimaux;
				PRODUCT_NAME = "$(TARGET_NAME)";
				SWIFT_EMIT_LOC_STRINGS = YES;
				SWIFT_VERSION = 5.0;
				TARGETED_DEVICE_FAMILY = "1,2";
			};
			name = Debug;
		};
		422849C42ACDB06800CB07D3 /* Release */ = {
			isa = XCBuildConfiguration;
			buildSettings = {
				ASSETCATALOG_COMPILER_APPICON_NAME = AppIcon;
				ASSETCATALOG_COMPILER_GLOBAL_ACCENT_COLOR_NAME = AccentColor;
				CODE_SIGN_STYLE = Automatic;
				CURRENT_PROJECT_VERSION = 1;
				DEVELOPMENT_ASSET_PATHS = "\"AimantsAnimaux/Preview Content\"";
				DEVELOPMENT_TEAM = 6FH7WNJPHQ;
				ENABLE_PREVIEWS = YES;
				GENERATE_INFOPLIST_FILE = YES;
				INFOPLIST_KEY_UIApplicationSceneManifest_Generation = YES;
				INFOPLIST_KEY_UIApplicationSupportsIndirectInputEvents = YES;
				INFOPLIST_KEY_UILaunchScreen_Generation = YES;
				INFOPLIST_KEY_UISupportedInterfaceOrientations_iPad = "UIInterfaceOrientationPortrait UIInterfaceOrientationPortraitUpsideDown UIInterfaceOrientationLandscapeLeft UIInterfaceOrientationLandscapeRight";
				INFOPLIST_KEY_UISupportedInterfaceOrientations_iPhone = "UIInterfaceOrientationPortrait UIInterfaceOrientationLandscapeLeft UIInterfaceOrientationLandscapeRight";
				IPHONEOS_DEPLOYMENT_TARGET = 16.0;
				LD_RUNPATH_SEARCH_PATHS = (
					"$(inherited)",
					"@executable_path/Frameworks",
				);
				MARKETING_VERSION = 1.0;
				PRODUCT_BUNDLE_IDENTIFIER = com.amandinecousin.AimantsAnimaux;
				PRODUCT_NAME = "$(TARGET_NAME)";
				SWIFT_EMIT_LOC_STRINGS = YES;
				SWIFT_VERSION = 5.0;
				TARGETED_DEVICE_FAMILY = "1,2";
			};
			name = Release;
		};
/* End XCBuildConfiguration section */

/* Begin XCConfigurationList section */
		422849AF2ACDB06500CB07D3 /* Build configuration list for PBXProject "AimantsAnimaux" */ = {
			isa = XCConfigurationList;
			buildConfigurations = (
				422849C02ACDB06800CB07D3 /* Debug */,
				422849C12ACDB06800CB07D3 /* Release */,
			);
			defaultConfigurationIsVisible = 0;
			defaultConfigurationName = Release;
		};
		422849C22ACDB06800CB07D3 /* Build configuration list for PBXNativeTarget "AimantsAnimaux" */ = {
			isa = XCConfigurationList;
			buildConfigurations = (
				422849C32ACDB06800CB07D3 /* Debug */,
				422849C42ACDB06800CB07D3 /* Release */,
			);
			defaultConfigurationIsVisible = 0;
			defaultConfigurationName = Release;
		};
/* End XCConfigurationList section */
	};
	rootObject = 422849AC2ACDB06500CB07D3 /* Project object */;
}
